// !$*UTF8*$!
{
	archiveVersion = 1;
	classes = {
	};
	objectVersion = 46;
	objects = {

/* Begin PBXBuildFile section */
		152FD0361C892F130012CD41 /* AppDelegate.swift in Sources */ = {isa = PBXBuildFile; fileRef = 152FD0351C892F130012CD41 /* AppDelegate.swift */; };
		152FD0381C892F130012CD41 /* ViewController.swift in Sources */ = {isa = PBXBuildFile; fileRef = 152FD0371C892F130012CD41 /* ViewController.swift */; };
		152FD03B1C892F130012CD41 /* Main.storyboard in Resources */ = {isa = PBXBuildFile; fileRef = 152FD0391C892F130012CD41 /* Main.storyboard */; };
		152FD03E1C892F130012CD41 /* Simple_Notes.xcdatamodeld in Sources */ = {isa = PBXBuildFile; fileRef = 152FD03C1C892F130012CD41 /* Simple_Notes.xcdatamodeld */; };
		152FD0401C892F130012CD41 /* Assets.xcassets in Resources */ = {isa = PBXBuildFile; fileRef = 152FD03F1C892F130012CD41 /* Assets.xcassets */; };
		152FD0431C892F130012CD41 /* LaunchScreen.storyboard in Resources */ = {isa = PBXBuildFile; fileRef = 152FD0411C892F130012CD41 /* LaunchScreen.storyboard */; };
		152FD04B1C89EBF40012CD41 /* NotesTableViewController.swift in Sources */ = {isa = PBXBuildFile; fileRef = 152FD04A1C89EBF40012CD41 /* NotesTableViewController.swift */; };
		152FD04D1C8A1DF30012CD41 /* AddViewController.swift in Sources */ = {isa = PBXBuildFile; fileRef = 152FD04C1C8A1DF30012CD41 /* AddViewController.swift */; };
		152FD04F1C8A20C70012CD41 /* EditViewController.swift in Sources */ = {isa = PBXBuildFile; fileRef = 152FD04E1C8A20C70012CD41 /* EditViewController.swift */; };
/* End PBXBuildFile section */

/* Begin PBXFileReference section */
		152FD0321C892F130012CD41 /* Simple Notes.app */ = {isa = PBXFileReference; explicitFileType = wrapper.application; includeInIndex = 0; path = "Simple Notes.app"; sourceTree = BUILT_PRODUCTS_DIR; };
		152FD0351C892F130012CD41 /* AppDelegate.swift */ = {isa = PBXFileReference; lastKnownFileType = sourcecode.swift; path = AppDelegate.swift; sourceTree = "<group>"; };
		152FD0371C892F130012CD41 /* ViewController.swift */ = {isa = PBXFileReference; lastKnownFileType = sourcecode.swift; path = ViewController.swift; sourceTree = "<group>"; };
		152FD03A1C892F130012CD41 /* Base */ = {isa = PBXFileReference; lastKnownFileType = file.storyboard; name = Base; path = Base.lproj/Main.storyboard; sourceTree = "<group>"; };
		152FD03D1C892F130012CD41 /* Simple_Notes.xcdatamodel */ = {isa = PBXFileReference; lastKnownFileType = wrapper.xcdatamodel; path = Simple_Notes.xcdatamodel; sourceTree = "<group>"; };
		152FD03F1C892F130012CD41 /* Assets.xcassets */ = {isa = PBXFileReference; lastKnownFileType = folder.assetcatalog; path = Assets.xcassets; sourceTree = "<group>"; };
		152FD0421C892F130012CD41 /* Base */ = {isa = PBXFileReference; lastKnownFileType = file.storyboard; name = Base; path = Base.lproj/LaunchScreen.storyboard; sourceTree = "<group>"; };
		152FD0441C892F130012CD41 /* Info.plist */ = {isa = PBXFileReference; lastKnownFileType = text.plist.xml; path = Info.plist; sourceTree = "<group>"; };
		152FD04A1C89EBF40012CD41 /* NotesTableViewController.swift */ = {isa = PBXFileReference; fileEncoding = 4; lastKnownFileType = sourcecode.swift; path = NotesTableViewController.swift; sourceTree = "<group>"; };
		152FD04C1C8A1DF30012CD41 /* AddViewController.swift */ = {isa = PBXFileReference; fileEncoding = 4; lastKnownFileType = sourcecode.swift; path = AddViewController.swift; sourceTree = "<group>"; };
		152FD04E1C8A20C70012CD41 /* EditViewController.swift */ = {isa = PBXFileReference; fileEncoding = 4; lastKnownFileType = sourcecode.swift; path = EditViewController.swift; sourceTree = "<group>"; };
/* End PBXFileReference section */

/* Begin PBXFrameworksBuildPhase section */
		152FD02F1C892F130012CD41 /* Frameworks */ = {
			isa = PBXFrameworksBuildPhase;
			buildActionMask = 2147483647;
			files = (
			);
			runOnlyForDeploymentPostprocessing = 0;
		};
/* End PBXFrameworksBuildPhase section */

/* Begin PBXGroup section */
		152FD0291C892F130012CD41 = {
			isa = PBXGroup;
			children = (
				152FD0341C892F130012CD41 /* Simple Notes */,
				152FD0331C892F130012CD41 /* Products */,
			);
			sourceTree = "<group>";
		};
		152FD0331C892F130012CD41 /* Products */ = {
			isa = PBXGroup;
			children = (
				152FD0321C892F130012CD41 /* Simple Notes.app */,
			);
			name = Products;
			sourceTree = "<group>";
		};
		152FD0341C892F130012CD41 /* Simple Notes */ = {
			isa = PBXGroup;
			children = (
				152FD0351C892F130012CD41 /* AppDelegate.swift */,
				152FD0511C8A20D20012CD41 /* View */,
				152FD0521C8A20DE0012CD41 /* Controller */,
				152FD03F1C892F130012CD41 /* Assets.xcassets */,
				152FD0441C892F130012CD41 /* Info.plist */,
				152FD03C1C892F130012CD41 /* Simple_Notes.xcdatamodeld */,
			);
			path = "Simple Notes";
			sourceTree = "<group>";
		};
		152FD0511C8A20D20012CD41 /* View */ = {
			isa = PBXGroup;
			children = (
				152FD0391C892F130012CD41 /* Main.storyboard */,
				152FD0411C892F130012CD41 /* LaunchScreen.storyboard */,
			);
			name = View;
			sourceTree = "<group>";
		};
		152FD0521C8A20DE0012CD41 /* Controller */ = {
			isa = PBXGroup;
			children = (
				152FD0371C892F130012CD41 /* ViewController.swift */,
				152FD04A1C89EBF40012CD41 /* NotesTableViewController.swift */,
				152FD04E1C8A20C70012CD41 /* EditViewController.swift */,
				152FD04C1C8A1DF30012CD41 /* AddViewController.swift */,
			);
			name = Controller;
			sourceTree = "<group>";
		};
/* End PBXGroup section */

/* Begin PBXNativeTarget section */
		152FD0311C892F130012CD41 /* Simple Notes */ = {
			isa = PBXNativeTarget;
			buildConfigurationList = 152FD0471C892F130012CD41 /* Build configuration list for PBXNativeTarget "Simple Notes" */;
			buildPhases = (
				152FD02E1C892F130012CD41 /* Sources */,
				152FD02F1C892F130012CD41 /* Frameworks */,
				152FD0301C892F130012CD41 /* Resources */,
			);
			buildRules = (
			);
			dependencies = (
			);
			name = "Simple Notes";
			productName = "Simple Notes";
			productReference = 152FD0321C892F130012CD41 /* Simple Notes.app */;
			productType = "com.apple.product-type.application";
		};
/* End PBXNativeTarget section */

/* Begin PBXProject section */
		152FD02A1C892F130012CD41 /* Project object */ = {
			isa = PBXProject;
			attributes = {
				LastSwiftUpdateCheck = 0720;
				LastUpgradeCheck = 0720;
				ORGANIZATIONNAME = CodeSimpleApps;
				TargetAttributes = {
					152FD0311C892F130012CD41 = {
						CreatedOnToolsVersion = 7.2.1;
					};
				};
			};
			buildConfigurationList = 152FD02D1C892F130012CD41 /* Build configuration list for PBXProject "Simple Notes" */;
			compatibilityVersion = "Xcode 3.2";
			developmentRegion = English;
			hasScannedForEncodings = 0;
			knownRegions = (
				en,
				Base,
			);
			mainGroup = 152FD0291C892F130012CD41;
			productRefGroup = 152FD0331C892F130012CD41 /* Products */;
			projectDirPath = "";
			projectRoot = "";
			targets = (
				152FD0311C892F130012CD41 /* Simple Notes */,
			);
		};
/* End PBXProject section */

/* Begin PBXResourcesBuildPhase section */
		152FD0301C892F130012CD41 /* Resources */ = {
			isa = PBXResourcesBuildPhase;
			buildActionMask = 2147483647;
			files = (
				152FD0431C892F130012CD41 /* LaunchScreen.storyboard in Resources */,
				152FD0401C892F130012CD41 /* Assets.xcassets in Resources */,
				152FD03B1C892F130012CD41 /* Main.storyboard in Resources */,
			);
			runOnlyForDeploymentPostprocessing = 0;
		};
/* End PBXResourcesBuildPhase section */

/* Begin PBXSourcesBuildPhase section */
		152FD02E1C892F130012CD41 /* Sources */ = {
			isa = PBXSourcesBuildPhase;
			buildActionMask = 2147483647;
			files = (
				152FD04D1C8A1DF30012CD41 /* AddViewController.swift in Sources */,
				152FD0381C892F130012CD41 /* ViewController.swift in Sources */,
				152FD04F1C8A20C70012CD41 /* EditViewController.swift in Sources */,
				152FD04B1C89EBF40012CD41 /* NotesTableViewController.swift in Sources */,
				152FD0361C892F130012CD41 /* AppDelegate.swift in Sources */,
				152FD03E1C892F130012CD41 /* Simple_Notes.xcdatamodeld in Sources */,
			);
			runOnlyForDeploymentPostprocessing = 0;
		};
/* End PBXSourcesBuildPhase section */

/* Begin PBXVariantGroup section */
		152FD0391C892F130012CD41 /* Main.storyboard */ = {
			isa = PBXVariantGroup;
			children = (
				152FD03A1C892F130012CD41 /* Base */,
			);
			name = Main.storyboard;
			sourceTree = "<group>";
		};
		152FD0411C892F130012CD41 /* LaunchScreen.storyboard */ = {
			isa = PBXVariantGroup;
			children = (
				152FD0421C892F130012CD41 /* Base */,
			);
			name = LaunchScreen.storyboard;
			sourceTree = "<group>";
		};
/* End PBXVariantGroup section */

/* Begin XCBuildConfiguration section */
		152FD0451C892F130012CD41 /* Debug */ = {
			isa = XCBuildConfiguration;
			buildSettings = {
				ALWAYS_SEARCH_USER_PATHS = NO;
				CLANG_CXX_LANGUAGE_STANDARD = "gnu++0x";
				CLANG_CXX_LIBRARY = "libc++";
				CLANG_ENABLE_MODULES = YES;
				CLANG_ENABLE_OBJC_ARC = YES;
				CLANG_WARN_BOOL_CONVERSION = YES;
				CLANG_WARN_CONSTANT_CONVERSION = YES;
				CLANG_WARN_DIRECT_OBJC_ISA_USAGE = YES_ERROR;
				CLANG_WARN_EMPTY_BODY = YES;
				CLANG_WARN_ENUM_CONVERSION = YES;
				CLANG_WARN_INT_CONVERSION = YES;
				CLANG_WARN_OBJC_ROOT_CLASS = YES_ERROR;
				CLANG_WARN_UNREACHABLE_CODE = YES;
				CLANG_WARN__DUPLICATE_METHOD_MATCH = YES;
				"CODE_SIGN_IDENTITY[sdk=iphoneos*]" = "iPhone Developer";
				COPY_PHASE_STRIP = NO;
				DEBUG_INFORMATION_FORMAT = dwarf;
				ENABLE_STRICT_OBJC_MSGSEND = YES;
				ENABLE_TESTABILITY = YES;
				GCC_C_LANGUAGE_STANDARD = gnu99;
				GCC_DYNAMIC_NO_PIC = NO;
				GCC_NO_COMMON_BLOCKS = YES;
				GCC_OPTIMIZATION_LEVEL = 0;
				GCC_PREPROCESSOR_DEFINITIONS = (
					"DEBUG=1",
					"$(inherited)",
				);
				GCC_WARN_64_TO_32_BIT_CONVERSION = YES;
				GCC_WARN_ABOUT_RETURN_TYPE = YES_ERROR;
				GCC_WARN_UNDECLARED_SELECTOR = YES;
				GCC_WARN_UNINITIALIZED_AUTOS = YES_AGGRESSIVE;
				GCC_WARN_UNUSED_FUNCTION = YES;
				GCC_WARN_UNUSED_VARIABLE = YES;
				IPHONEOS_DEPLOYMENT_TARGET = 9.2;
				MTL_ENABLE_DEBUG_INFO = YES;
				ONLY_ACTIVE_ARCH = YES;
				SDKROOT = iphoneos;
				SWIFT_OPTIMIZATION_LEVEL = "-Onone";
			};
			name = Debug;
		};
		152FD0461C892F130012CD41 /* Release */ = {
			isa = XCBuildConfiguration;
			buildSettings = {
				ALWAYS_SEARCH_USER_PATHS = NO;
				CLANG_CXX_LANGUAGE_STANDARD = "gnu++0x";
				CLANG_CXX_LIBRARY = "libc++";
				CLANG_ENABLE_MODULES = YES;
				CLANG_ENABLE_OBJC_ARC = YES;
				CLANG_WARN_BOOL_CONVERSION = YES;
				CLANG_WARN_CONSTANT_CONVERSION = YES;
				CLANG_WARN_DIRECT_OBJC_ISA_USAGE = YES_ERROR;
				CLANG_WARN_EMPTY_BODY = YES;
				CLANG_WARN_ENUM_CONVERSION = YES;
				CLANG_WARN_INT_CONVERSION = YES;
				CLANG_WARN_OBJC_ROOT_CLASS = YES_ERROR;
				CLANG_WARN_UNREACHABLE_CODE = YES;
				CLANG_WARN__DUPLICATE_METHOD_MATCH = YES;
				"CODE_SIGN_IDENTITY[sdk=iphoneos*]" = "iPhone Developer";
				COPY_PHASE_STRIP = NO;
				DEBUG_INFORMATION_FORMAT = "dwarf-with-dsym";
				ENABLE_NS_ASSERTIONS = NO;
				ENABLE_STRICT_OBJC_MSGSEND = YES;
				GCC_C_LANGUAGE_STANDARD = gnu99;
				GCC_NO_COMMON_BLOCKS = YES;
				GCC_WARN_64_TO_32_BIT_CONVERSION = YES;
				GCC_WARN_ABOUT_RETURN_TYPE = YES_ERROR;
				GCC_WARN_UNDECLARED_SELECTOR = YES;
				GCC_WARN_UNINITIALIZED_AUTOS = YES_AGGRESSIVE;
				GCC_WARN_UNUSED_FUNCTION = YES;
				GCC_WARN_UNUSED_VARIABLE = YES;
				IPHONEOS_DEPLOYMENT_TARGET = 9.2;
				MTL_ENABLE_DEBUG_INFO = NO;
				SDKROOT = iphoneos;
				VALIDATE_PRODUCT = YES;
			};
			name = Release;
		};
		152FD0481C892F130012CD41 /* Debug */ = {
			isa = XCBuildConfiguration;
			buildSettings = {
				ASSETCATALOG_COMPILER_APPICON_NAME = AppIcon;
				INFOPLIST_FILE = "Simple Notes/Info.plist";
				LD_RUNPATH_SEARCH_PATHS = "$(inherited) @executable_path/Frameworks";
				PRODUCT_BUNDLE_IDENTIFIER = "com.CodeSimpleApps.Simple-Notes";
				PRODUCT_NAME = "$(TARGET_NAME)";
			};
			name = Debug;
		};
		152FD0491C892F130012CD41 /* Release */ = {
			isa = XCBuildConfiguration;
			buildSettings = {
				ASSETCATALOG_COMPILER_APPICON_NAME = AppIcon;
				INFOPLIST_FILE = "Simple Notes/Info.plist";
				LD_RUNPATH_SEARCH_PATHS = "$(inherited) @executable_path/Frameworks";
				PRODUCT_BUNDLE_IDENTIFIER = "com.CodeSimpleApps.Simple-Notes";
				PRODUCT_NAME = "$(TARGET_NAME)";
			};
			name = Release;
		};
/* End XCBuildConfiguration section */

/* Begin XCConfigurationList section */
		152FD02D1C892F130012CD41 /* Build configuration list for PBXProject "Simple Notes" */ = {
			isa = XCConfigurationList;
			buildConfigurations = (
				152FD0451C892F130012CD41 /* Debug */,
				152FD0461C892F130012CD41 /* Release */,
			);
			defaultConfigurationIsVisible = 0;
			defaultConfigurationName = Release;
		};
		152FD0471C892F130012CD41 /* Build configuration list for PBXNativeTarget "Simple Notes" */ = {
			isa = XCConfigurationList;
			buildConfigurations = (
				152FD0481C892F130012CD41 /* Debug */,
				152FD0491C892F130012CD41 /* Release */,
			);
			defaultConfigurationIsVisible = 0;
			defaultConfigurationName = Release;
		};
/* End XCConfigurationList section */

/* Begin XCVersionGroup section */
		152FD03C1C892F130012CD41 /* Simple_Notes.xcdatamodeld */ = {
			isa = XCVersionGroup;
			children = (
				152FD03D1C892F130012CD41 /* Simple_Notes.xcdatamodel */,
			);
			currentVersion = 152FD03D1C892F130012CD41 /* Simple_Notes.xcdatamodel */;
			path = Simple_Notes.xcdatamodeld;
			sourceTree = "<group>";
			versionGroupType = wrapper.xcdatamodel;
		};
/* End XCVersionGroup section */
	};
	rootObject = 152FD02A1C892F130012CD41 /* Project object */;
}
